
Microsoft Visual Studio Solution File, Format Version 12.00
# Visual Studio Version 16
VisualStudioVersion = 16.0.31613.86
MinimumVisualStudioVersion = 10.0.40219.1
Project("{FAE04EC0-301F-11D3-BF4B-00C04F79EFBC}") = "WebCadastroCliente", "WebCadastroCliente\WebCadastroCliente.csproj", "{FBA685DE-E329-4F2C-A668-91A866822674}"
EndProject
Global
	GlobalSection(SolutionConfigurationPlatforms) = preSolution
		Debug|Any CPU = Debug|Any CPU
		Release|Any CPU = Release|Any CPU
	EndGlobalSection
	GlobalSection(ProjectConfigurationPlatforms) = postSolution
		{FBA685DE-E329-4F2C-A668-91A866822674}.Debug|Any CPU.ActiveCfg = Debug|Any CPU
		{FBA685DE-E329-4F2C-A668-91A866822674}.Debug|Any CPU.Build.0 = Debug|Any CPU
		{FBA685DE-E329-4F2C-A668-91A866822674}.Release|Any CPU.ActiveCfg = Release|Any CPU
		{FBA685DE-E329-4F2C-A668-91A866822674}.Release|Any CPU.Build.0 = Release|Any CPU
	EndGlobalSection
	GlobalSection(SolutionProperties) = preSolution
		HideSolutionNode = FALSE
	EndGlobalSection
	GlobalSection(ExtensibilityGlobals) = postSolution
		SolutionGuid = {D2EBB3FF-D680-45C4-ACF5-B54C335003CB}
	EndGlobalSection
EndGlobal
